
Microsoft Visual Studio Solution File, Format Version 10.00
# Visual Studio 2008
Project("{FAE04EC0-301F-11D3-BF4B-00C04F79EFBC}") = "WebApplication1", "WebApplication1.csproj", "{CF4BE1DA-36B8-4DBD-BFE5-7F542A6C415E}"
EndProject
Global
	GlobalSection(SolutionConfigurationPlatforms) = preSolution
		Debug|Any CPU = Debug|Any CPU
		Release|Any CPU = Release|Any CPU
	EndGlobalSection
	GlobalSection(ProjectConfigurationPlatforms) = postSolution
		{CF4BE1DA-36B8-4DBD-BFE5-7F542A6C415E}.Debug|Any CPU.ActiveCfg = Debug|Any CPU
		{CF4BE1DA-36B8-4DBD-BFE5-7F542A6C415E}.Debug|Any CPU.Build.0 = Debug|Any CPU
		{CF4BE1DA-36B8-4DBD-BFE5-7F542A6C415E}.Release|Any CPU.ActiveCfg = Release|Any CPU
		{CF4BE1DA-36B8-4DBD-BFE5-7F542A6C415E}.Release|Any CPU.Build.0 = Release|Any CPU
	EndGlobalSection
	GlobalSection(SolutionProperties) = preSolution
		HideSolutionNode = FALSE
	EndGlobalSection
EndGlobal
